// !$*UTF8*$!
{
	archiveVersion = 1;
	classes = {
	};
	objectVersion = 55;
	objects = {

/* Begin PBXBuildFile section */
		987145DF28964A1C00EBDA16 /* AppDelegate.swift in Sources */ = {isa = PBXBuildFile; fileRef = 987145DE28964A1C00EBDA16 /* AppDelegate.swift */; };
		987145E128964A1C00EBDA16 /* SceneDelegate.swift in Sources */ = {isa = PBXBuildFile; fileRef = 987145E028964A1C00EBDA16 /* SceneDelegate.swift */; };
		987145E628964A1C00EBDA16 /* Main.storyboard in Resources */ = {isa = PBXBuildFile; fileRef = 987145E428964A1C00EBDA16 /* Main.storyboard */; };
		987145E828964A1D00EBDA16 /* Assets.xcassets in Resources */ = {isa = PBXBuildFile; fileRef = 987145E728964A1D00EBDA16 /* Assets.xcassets */; };
		987145EB28964A1D00EBDA16 /* LaunchScreen.storyboard in Resources */ = {isa = PBXBuildFile; fileRef = 987145E928964A1D00EBDA16 /* LaunchScreen.storyboard */; };
		987145F62897D95300EBDA16 /* HomeVC.swift in Sources */ = {isa = PBXBuildFile; fileRef = 987145F52897D95300EBDA16 /* HomeVC.swift */; };
		987145F82897D99300EBDA16 /* ComingSoonVC.swift in Sources */ = {isa = PBXBuildFile; fileRef = 987145F72897D99300EBDA16 /* ComingSoonVC.swift */; };
		987145FA2897D9B400EBDA16 /* SearchVC.swift in Sources */ = {isa = PBXBuildFile; fileRef = 987145F92897D9B400EBDA16 /* SearchVC.swift */; };
		987145FC2897D9D300EBDA16 /* DownloadsVC.swift in Sources */ = {isa = PBXBuildFile; fileRef = 987145FB2897D9D300EBDA16 /* DownloadsVC.swift */; };
		987146062897E18A00EBDA16 /* HomeMovieCell.swift in Sources */ = {isa = PBXBuildFile; fileRef = 987146042897E18A00EBDA16 /* HomeMovieCell.swift */; };
		987146072897E18A00EBDA16 /* HomeMovieCell.xib in Resources */ = {isa = PBXBuildFile; fileRef = 987146052897E18A00EBDA16 /* HomeMovieCell.xib */; };
		9871461D2897E30F00EBDA16 /* MovieDetailsVC.swift in Sources */ = {isa = PBXBuildFile; fileRef = 9871461C2897E30F00EBDA16 /* MovieDetailsVC.swift */; };
		98A68F192898F7F200DA9A5D /* MovieCollectionViewCell.swift in Sources */ = {isa = PBXBuildFile; fileRef = 98A68F172898F7F200DA9A5D /* MovieCollectionViewCell.swift */; };
		98A68F1A2898F7F200DA9A5D /* MovieCollectionViewCell.xib in Resources */ = {isa = PBXBuildFile; fileRef = 98A68F182898F7F200DA9A5D /* MovieCollectionViewCell.xib */; };
		98A68F1D28991FB600DA9A5D /* HeroImageView.swift in Sources */ = {isa = PBXBuildFile; fileRef = 98A68F1C28991FB600DA9A5D /* HeroImageView.swift */; };
		98A68F202899873800DA9A5D /* MainTabBarVC.swift in Sources */ = {isa = PBXBuildFile; fileRef = 98A68F1F2899873800DA9A5D /* MainTabBarVC.swift */; };
		98A68F5E289D10C500DA9A5D /* APICaller.swift in Sources */ = {isa = PBXBuildFile; fileRef = 98A68F5D289D10C500DA9A5D /* APICaller.swift */; };
		98A68F61289D116F00DA9A5D /* Constants.swift in Sources */ = {isa = PBXBuildFile; fileRef = 98A68F60289D116F00DA9A5D /* Constants.swift */; };
		98A68F63289D152E00DA9A5D /* TrendingMovie.swift in Sources */ = {isa = PBXBuildFile; fileRef = 98A68F62289D152E00DA9A5D /* TrendingMovie.swift */; };
		98A68F65289D1E2200DA9A5D /* TrendingTV.swift in Sources */ = {isa = PBXBuildFile; fileRef = 98A68F64289D1E2200DA9A5D /* TrendingTV.swift */; };
		98A68F67289E71F500DA9A5D /* UpcomingMovie.swift in Sources */ = {isa = PBXBuildFile; fileRef = 98A68F66289E71F500DA9A5D /* UpcomingMovie.swift */; };
		98A68F69289E74D400DA9A5D /* Popular.swift in Sources */ = {isa = PBXBuildFile; fileRef = 98A68F68289E74D400DA9A5D /* Popular.swift */; };
		98A68F6B289E77E100DA9A5D /* TopRated.swift in Sources */ = {isa = PBXBuildFile; fileRef = 98A68F6A289E77E100DA9A5D /* TopRated.swift */; };
		98A68F6E289FC92F00DA9A5D /* SDWebImage in Frameworks */ = {isa = PBXBuildFile; productRef = 98A68F6D289FC92F00DA9A5D /* SDWebImage */; };
		98A68F70289FC92F00DA9A5D /* SDWebImageMapKit in Frameworks */ = {isa = PBXBuildFile; productRef = 98A68F6F289FC92F00DA9A5D /* SDWebImageMapKit */; };
		98A68F72289FCAFC00DA9A5D /* Enums.swift in Sources */ = {isa = PBXBuildFile; fileRef = 98A68F71289FCAFC00DA9A5D /* Enums.swift */; };
		98B2E5F328A0C0DB004D1435 /* MovieCell.swift in Sources */ = {isa = PBXBuildFile; fileRef = 98B2E5F128A0C0DB004D1435 /* MovieCell.swift */; };
		98B2E5F428A0C0DB004D1435 /* MovieCell.xib in Resources */ = {isa = PBXBuildFile; fileRef = 98B2E5F228A0C0DB004D1435 /* MovieCell.xib */; };
		98B2E5F628A0D1E0004D1435 /* MovieRes.swift in Sources */ = {isa = PBXBuildFile; fileRef = 98B2E5F528A0D1E0004D1435 /* MovieRes.swift */; };
		98B2E5F828A1084C004D1435 /* Discover.swift in Sources */ = {isa = PBXBuildFile; fileRef = 98B2E5F728A1084C004D1435 /* Discover.swift */; };
		98B2E5FC28A110B4004D1435 /* SearchResultsVC.swift in Sources */ = {isa = PBXBuildFile; fileRef = 98B2E5FB28A110B4004D1435 /* SearchResultsVC.swift */; };
		98B2E5FE28A23AD0004D1435 /* YoutubeSearch.swift in Sources */ = {isa = PBXBuildFile; fileRef = 98B2E5FD28A23AD0004D1435 /* YoutubeSearch.swift */; };
/* End PBXBuildFile section */

/* Begin PBXFileReference section */
		987145DB28964A1C00EBDA16 /* Netflix Clone.app */ = {isa = PBXFileReference; explicitFileType = wrapper.application; includeInIndex = 0; path = "Netflix Clone.app"; sourceTree = BUILT_PRODUCTS_DIR; };
		987145DE28964A1C00EBDA16 /* AppDelegate.swift */ = {isa = PBXFileReference; lastKnownFileType = sourcecode.swift; path = AppDelegate.swift; sourceTree = "<group>"; };
		987145E028964A1C00EBDA16 /* SceneDelegate.swift */ = {isa = PBXFileReference; lastKnownFileType = sourcecode.swift; path = SceneDelegate.swift; sourceTree = "<group>"; };
		987145E528964A1C00EBDA16 /* Base */ = {isa = PBXFileReference; lastKnownFileType = file.storyboard; name = Base; path = Base.lproj/Main.storyboard; sourceTree = "<group>"; };
		987145E728964A1D00EBDA16 /* Assets.xcassets */ = {isa = PBXFileReference; lastKnownFileType = folder.assetcatalog; path = Assets.xcassets; sourceTree = "<group>"; };
		987145EA28964A1D00EBDA16 /* Base */ = {isa = PBXFileReference; lastKnownFileType = file.storyboard; name = Base; path = Base.lproj/LaunchScreen.storyboard; sourceTree = "<group>"; };
		987145EC28964A1D00EBDA16 /* Info.plist */ = {isa = PBXFileReference; lastKnownFileType = text.plist.xml; path = Info.plist; sourceTree = "<group>"; };
		987145F52897D95300EBDA16 /* HomeVC.swift */ = {isa = PBXFileReference; lastKnownFileType = sourcecode.swift; path = HomeVC.swift; sourceTree = "<group>"; };
		987145F72897D99300EBDA16 /* ComingSoonVC.swift */ = {isa = PBXFileReference; lastKnownFileType = sourcecode.swift; path = ComingSoonVC.swift; sourceTree = "<group>"; };
		987145F92897D9B400EBDA16 /* SearchVC.swift */ = {isa = PBXFileReference; lastKnownFileType = sourcecode.swift; path = SearchVC.swift; sourceTree = "<group>"; };
		987145FB2897D9D300EBDA16 /* DownloadsVC.swift */ = {isa = PBXFileReference; lastKnownFileType = sourcecode.swift; path = DownloadsVC.swift; sourceTree = "<group>"; };
		987146042897E18A00EBDA16 /* HomeMovieCell.swift */ = {isa = PBXFileReference; lastKnownFileType = sourcecode.swift; path = HomeMovieCell.swift; sourceTree = "<group>"; };
		987146052897E18A00EBDA16 /* HomeMovieCell.xib */ = {isa = PBXFileReference; lastKnownFileType = file.xib; path = HomeMovieCell.xib; sourceTree = "<group>"; };
		9871461C2897E30F00EBDA16 /* MovieDetailsVC.swift */ = {isa = PBXFileReference; lastKnownFileType = sourcecode.swift; path = MovieDetailsVC.swift; sourceTree = "<group>"; };
		98A68F172898F7F200DA9A5D /* MovieCollectionViewCell.swift */ = {isa = PBXFileReference; lastKnownFileType = sourcecode.swift; path = MovieCollectionViewCell.swift; sourceTree = "<group>"; };
		98A68F182898F7F200DA9A5D /* MovieCollectionViewCell.xib */ = {isa = PBXFileReference; lastKnownFileType = file.xib; path = MovieCollectionViewCell.xib; sourceTree = "<group>"; };
		98A68F1C28991FB600DA9A5D /* HeroImageView.swift */ = {isa = PBXFileReference; lastKnownFileType = sourcecode.swift; path = HeroImageView.swift; sourceTree = "<group>"; };
		98A68F1F2899873800DA9A5D /* MainTabBarVC.swift */ = {isa = PBXFileReference; lastKnownFileType = sourcecode.swift; path = MainTabBarVC.swift; sourceTree = "<group>"; };
		98A68F5D289D10C500DA9A5D /* APICaller.swift */ = {isa = PBXFileReference; lastKnownFileType = sourcecode.swift; path = APICaller.swift; sourceTree = "<group>"; };
		98A68F60289D116F00DA9A5D /* Constants.swift */ = {isa = PBXFileReference; lastKnownFileType = sourcecode.swift; path = Constants.swift; sourceTree = "<group>"; };
		98A68F62289D152E00DA9A5D /* TrendingMovie.swift */ = {isa = PBXFileReference; lastKnownFileType = sourcecode.swift; path = TrendingMovie.swift; sourceTree = "<group>"; };
		98A68F64289D1E2200DA9A5D /* TrendingTV.swift */ = {isa = PBXFileReference; lastKnownFileType = sourcecode.swift; path = TrendingTV.swift; sourceTree = "<group>"; };
		98A68F66289E71F500DA9A5D /* UpcomingMovie.swift */ = {isa = PBXFileReference; lastKnownFileType = sourcecode.swift; path = UpcomingMovie.swift; sourceTree = "<group>"; };
		98A68F68289E74D400DA9A5D /* Popular.swift */ = {isa = PBXFileReference; lastKnownFileType = sourcecode.swift; path = Popular.swift; sourceTree = "<group>"; };
		98A68F6A289E77E100DA9A5D /* TopRated.swift */ = {isa = PBXFileReference; lastKnownFileType = sourcecode.swift; path = TopRated.swift; sourceTree = "<group>"; };
		98A68F71289FCAFC00DA9A5D /* Enums.swift */ = {isa = PBXFileReference; lastKnownFileType = sourcecode.swift; path = Enums.swift; sourceTree = "<group>"; };
		98B2E5F128A0C0DB004D1435 /* MovieCell.swift */ = {isa = PBXFileReference; lastKnownFileType = sourcecode.swift; path = MovieCell.swift; sourceTree = "<group>"; };
		98B2E5F228A0C0DB004D1435 /* MovieCell.xib */ = {isa = PBXFileReference; lastKnownFileType = file.xib; path = MovieCell.xib; sourceTree = "<group>"; };
		98B2E5F528A0D1E0004D1435 /* MovieRes.swift */ = {isa = PBXFileReference; lastKnownFileType = sourcecode.swift; path = MovieRes.swift; sourceTree = "<group>"; };
		98B2E5F728A1084C004D1435 /* Discover.swift */ = {isa = PBXFileReference; lastKnownFileType = sourcecode.swift; path = Discover.swift; sourceTree = "<group>"; };
		98B2E5FB28A110B4004D1435 /* SearchResultsVC.swift */ = {isa = PBXFileReference; lastKnownFileType = sourcecode.swift; path = SearchResultsVC.swift; sourceTree = "<group>"; };
		98B2E5FD28A23AD0004D1435 /* YoutubeSearch.swift */ = {isa = PBXFileReference; lastKnownFileType = sourcecode.swift; path = YoutubeSearch.swift; sourceTree = "<group>"; };
/* End PBXFileReference section */

/* Begin PBXFrameworksBuildPhase section */
		987145D828964A1C00EBDA16 /* Frameworks */ = {
			isa = PBXFrameworksBuildPhase;
			buildActionMask = 2147483647;
			files = (
				98A68F70289FC92F00DA9A5D /* SDWebImageMapKit in Frameworks */,
				98A68F6E289FC92F00DA9A5D /* SDWebImage in Frameworks */,
			);
			runOnlyForDeploymentPostprocessing = 0;
		};
/* End PBXFrameworksBuildPhase section */

/* Begin PBXGroup section */
		987145D228964A1C00EBDA16 = {
			isa = PBXGroup;
			children = (
				987145DD28964A1C00EBDA16 /* Netflix Clone */,
				987145DC28964A1C00EBDA16 /* Products */,
			);
			sourceTree = "<group>";
		};
		987145DC28964A1C00EBDA16 /* Products */ = {
			isa = PBXGroup;
			children = (
				987145DB28964A1C00EBDA16 /* Netflix Clone.app */,
			);
			name = Products;
			sourceTree = "<group>";
		};
		987145DD28964A1C00EBDA16 /* Netflix Clone */ = {
			isa = PBXGroup;
			children = (
				987145DE28964A1C00EBDA16 /* AppDelegate.swift */,
				987145E028964A1C00EBDA16 /* SceneDelegate.swift */,
				98A68F5F289D115D00DA9A5D /* Helper */,
				98A68F5C289C274400DA9A5D /* View Models */,
				98A68F5B289C273C00DA9A5D /* Managers */,
				987145F428964B3100EBDA16 /* Models */,
				987145F328964B2600EBDA16 /* Views */,
				987145F228964B1C00EBDA16 /* Controllers */,
				987145FD2897DA0400EBDA16 /* Supporting Files */,
				987145EC28964A1D00EBDA16 /* Info.plist */,
			);
			path = "Netflix Clone";
			sourceTree = "<group>";
		};
		987145F228964B1C00EBDA16 /* Controllers */ = {
			isa = PBXGroup;
			children = (
				98A68F1E2899870A00DA9A5D /* Main Tab Bar */,
				987145FE2897E11A00EBDA16 /* Home */,
				987145FF2897E12400EBDA16 /* Coming Soon */,
				987146002897E12E00EBDA16 /* Search */,
				987146022897E13F00EBDA16 /* Downloads */,
			);
			path = Controllers;
			sourceTree = "<group>";
		};
		987145F328964B2600EBDA16 /* Views */ = {
			isa = PBXGroup;
			children = (
				987145E428964A1C00EBDA16 /* Main.storyboard */,
				98A68F1C28991FB600DA9A5D /* HeroImageView.swift */,
			);
			path = Views;
			sourceTree = "<group>";
		};
		987145F428964B3100EBDA16 /* Models */ = {
			isa = PBXGroup;
			children = (
				98A68F62289D152E00DA9A5D /* TrendingMovie.swift */,
				98A68F64289D1E2200DA9A5D /* TrendingTV.swift */,
				98A68F66289E71F500DA9A5D /* UpcomingMovie.swift */,
				98A68F68289E74D400DA9A5D /* Popular.swift */,
				98A68F6A289E77E100DA9A5D /* TopRated.swift */,
				98B2E5F528A0D1E0004D1435 /* MovieRes.swift */,
				98B2E5F728A1084C004D1435 /* Discover.swift */,
				98B2E5FD28A23AD0004D1435 /* YoutubeSearch.swift */,
			);
			path = Models;
			sourceTree = "<group>";
		};
		987145FD2897DA0400EBDA16 /* Supporting Files */ = {
			isa = PBXGroup;
			children = (
				987145E728964A1D00EBDA16 /* Assets.xcassets */,
				987145E928964A1D00EBDA16 /* LaunchScreen.storyboard */,
			);
			path = "Supporting Files";
			sourceTree = "<group>";
		};
		987145FE2897E11A00EBDA16 /* Home */ = {
			isa = PBXGroup;
			children = (
				987145F52897D95300EBDA16 /* HomeVC.swift */,
				9871461C2897E30F00EBDA16 /* MovieDetailsVC.swift */,
				98A68F1B2899013F00DA9A5D /* CollectionViewCells */,
				987146032897E15800EBDA16 /* TableViewCells */,
			);
			path = Home;
			sourceTree = "<group>";
		};
		987145FF2897E12400EBDA16 /* Coming Soon */ = {
			isa = PBXGroup;
			children = (
				987145F72897D99300EBDA16 /* ComingSoonVC.swift */,
				98B2E5F028A0C0B5004D1435 /* Tableview Cell */,
			);
			path = "Coming Soon";
			sourceTree = "<group>";
		};
		987146002897E12E00EBDA16 /* Search */ = {
			isa = PBXGroup;
			children = (
				987145F92897D9B400EBDA16 /* SearchVC.swift */,
				98B2E5FB28A110B4004D1435 /* SearchResultsVC.swift */,
			);
			path = Search;
			sourceTree = "<group>";
		};
		987146022897E13F00EBDA16 /* Downloads */ = {
			isa = PBXGroup;
			children = (
				987145FB2897D9D300EBDA16 /* DownloadsVC.swift */,
			);
			path = Downloads;
			sourceTree = "<group>";
		};
		987146032897E15800EBDA16 /* TableViewCells */ = {
			isa = PBXGroup;
			children = (
				987146042897E18A00EBDA16 /* HomeMovieCell.swift */,
				987146052897E18A00EBDA16 /* HomeMovieCell.xib */,
			);
			path = TableViewCells;
			sourceTree = "<group>";
		};
		98A68F1B2899013F00DA9A5D /* CollectionViewCells */ = {
			isa = PBXGroup;
			children = (
				98A68F172898F7F200DA9A5D /* MovieCollectionViewCell.swift */,
				98A68F182898F7F200DA9A5D /* MovieCollectionViewCell.xib */,
			);
			path = CollectionViewCells;
			sourceTree = "<group>";
		};
		98A68F1E2899870A00DA9A5D /* Main Tab Bar */ = {
			isa = PBXGroup;
			children = (
				98A68F1F2899873800DA9A5D /* MainTabBarVC.swift */,
			);
			path = "Main Tab Bar";
			sourceTree = "<group>";
		};
		98A68F5B289C273C00DA9A5D /* Managers */ = {
			isa = PBXGroup;
			children = (
				98A68F5D289D10C500DA9A5D /* APICaller.swift */,
			);
			path = Managers;
			sourceTree = "<group>";
		};
		98A68F5C289C274400DA9A5D /* View Models */ = {
			isa = PBXGroup;
			children = (
			);
			path = "View Models";
			sourceTree = "<group>";
		};
		98A68F5F289D115D00DA9A5D /* Helper */ = {
			isa = PBXGroup;
			children = (
				98A68F60289D116F00DA9A5D /* Constants.swift */,
				98A68F71289FCAFC00DA9A5D /* Enums.swift */,
			);
			path = Helper;
			sourceTree = "<group>";
		};
		98B2E5F028A0C0B5004D1435 /* Tableview Cell */ = {
			isa = PBXGroup;
			children = (
				98B2E5F128A0C0DB004D1435 /* MovieCell.swift */,
				98B2E5F228A0C0DB004D1435 /* MovieCell.xib */,
			);
			path = "Tableview Cell";
			sourceTree = "<group>";
		};
/* End PBXGroup section */

/* Begin PBXNativeTarget section */
		987145DA28964A1C00EBDA16 /* Netflix Clone */ = {
			isa = PBXNativeTarget;
			buildConfigurationList = 987145EF28964A1D00EBDA16 /* Build configuration list for PBXNativeTarget "Netflix Clone" */;
			buildPhases = (
				987145D728964A1C00EBDA16 /* Sources */,
				987145D828964A1C00EBDA16 /* Frameworks */,
				987145D928964A1C00EBDA16 /* Resources */,
			);
			buildRules = (
			);
			dependencies = (
			);
			name = "Netflix Clone";
			packageProductDependencies = (
				98A68F6D289FC92F00DA9A5D /* SDWebImage */,
				98A68F6F289FC92F00DA9A5D /* SDWebImageMapKit */,
			);
			productName = "Netflix Clone";
			productReference = 987145DB28964A1C00EBDA16 /* Netflix Clone.app */;
			productType = "com.apple.product-type.application";
		};
/* End PBXNativeTarget section */

/* Begin PBXProject section */
		987145D328964A1C00EBDA16 /* Project object */ = {
			isa = PBXProject;
			attributes = {
				BuildIndependentTargetsInParallel = 1;
				LastSwiftUpdateCheck = 1340;
				LastUpgradeCheck = 1340;
				TargetAttributes = {
					987145DA28964A1C00EBDA16 = {
						CreatedOnToolsVersion = 13.4.1;
					};
				};
			};
			buildConfigurationList = 987145D628964A1C00EBDA16 /* Build configuration list for PBXProject "Netflix Clone" */;
			compatibilityVersion = "Xcode 13.0";
			developmentRegion = en;
			hasScannedForEncodings = 0;
			knownRegions = (
				en,
				Base,
			);
			mainGroup = 987145D228964A1C00EBDA16;
			packageReferences = (
				98A68F6C289FC92E00DA9A5D /* XCRemoteSwiftPackageReference "SDWebImage" */,
			);
			productRefGroup = 987145DC28964A1C00EBDA16 /* Products */;
			projectDirPath = "";
			projectRoot = "";
			targets = (
				987145DA28964A1C00EBDA16 /* Netflix Clone */,
			);
		};
/* End PBXProject section */

/* Begin PBXResourcesBuildPhase section */
		987145D928964A1C00EBDA16 /* Resources */ = {
			isa = PBXResourcesBuildPhase;
			buildActionMask = 2147483647;
			files = (
				987145EB28964A1D00EBDA16 /* LaunchScreen.storyboard in Resources */,
				987146072897E18A00EBDA16 /* HomeMovieCell.xib in Resources */,
				987145E828964A1D00EBDA16 /* Assets.xcassets in Resources */,
				987145E628964A1C00EBDA16 /* Main.storyboard in Resources */,
				98B2E5F428A0C0DB004D1435 /* MovieCell.xib in Resources */,
				98A68F1A2898F7F200DA9A5D /* MovieCollectionViewCell.xib in Resources */,
			);
			runOnlyForDeploymentPostprocessing = 0;
		};
/* End PBXResourcesBuildPhase section */

/* Begin PBXSourcesBuildPhase section */
		987145D728964A1C00EBDA16 /* Sources */ = {
			isa = PBXSourcesBuildPhase;
			buildActionMask = 2147483647;
			files = (
				98A68F67289E71F500DA9A5D /* UpcomingMovie.swift in Sources */,
				98A68F63289D152E00DA9A5D /* TrendingMovie.swift in Sources */,
				98A68F6B289E77E100DA9A5D /* TopRated.swift in Sources */,
				98B2E5FC28A110B4004D1435 /* SearchResultsVC.swift in Sources */,
				987145FC2897D9D300EBDA16 /* DownloadsVC.swift in Sources */,
				98B2E5F328A0C0DB004D1435 /* MovieCell.swift in Sources */,
				987145F62897D95300EBDA16 /* HomeVC.swift in Sources */,
				98B2E5F828A1084C004D1435 /* Discover.swift in Sources */,
				9871461D2897E30F00EBDA16 /* MovieDetailsVC.swift in Sources */,
				98A68F1D28991FB600DA9A5D /* HeroImageView.swift in Sources */,
				98A68F69289E74D400DA9A5D /* Popular.swift in Sources */,
				987145FA2897D9B400EBDA16 /* SearchVC.swift in Sources */,
				987145DF28964A1C00EBDA16 /* AppDelegate.swift in Sources */,
				98A68F202899873800DA9A5D /* MainTabBarVC.swift in Sources */,
				98A68F65289D1E2200DA9A5D /* TrendingTV.swift in Sources */,
				98A68F61289D116F00DA9A5D /* Constants.swift in Sources */,
				98B2E5F628A0D1E0004D1435 /* MovieRes.swift in Sources */,
				98A68F5E289D10C500DA9A5D /* APICaller.swift in Sources */,
				987145F82897D99300EBDA16 /* ComingSoonVC.swift in Sources */,
				98A68F192898F7F200DA9A5D /* MovieCollectionViewCell.swift in Sources */,
				987146062897E18A00EBDA16 /* HomeMovieCell.swift in Sources */,
				98B2E5FE28A23AD0004D1435 /* YoutubeSearch.swift in Sources */,
				987145E128964A1C00EBDA16 /* SceneDelegate.swift in Sources */,
				98A68F72289FCAFC00DA9A5D /* Enums.swift in Sources */,
			);
			runOnlyForDeploymentPostprocessing = 0;
		};
/* End PBXSourcesBuildPhase section */

/* Begin PBXVariantGroup section */
		987145E428964A1C00EBDA16 /* Main.storyboard */ = {
			isa = PBXVariantGroup;
			children = (
				987145E528964A1C00EBDA16 /* Base */,
			);
			name = Main.storyboard;
			sourceTree = "<group>";
		};
		987145E928964A1D00EBDA16 /* LaunchScreen.storyboard */ = {
			isa = PBXVariantGroup;
			children = (
				987145EA28964A1D00EBDA16 /* Base */,
			);
			name = LaunchScreen.storyboard;
			sourceTree = "<group>";
		};
/* End PBXVariantGroup section */

/* Begin XCBuildConfiguration section */
		987145ED28964A1D00EBDA16 /* Debug */ = {
			isa = XCBuildConfiguration;
			buildSettings = {
				ALWAYS_SEARCH_USER_PATHS = NO;
				CLANG_ANALYZER_NONNULL = YES;
				CLANG_ANALYZER_NUMBER_OBJECT_CONVERSION = YES_AGGRESSIVE;
				CLANG_CXX_LANGUAGE_STANDARD = "gnu++17";
				CLANG_ENABLE_MODULES = YES;
				CLANG_ENABLE_OBJC_ARC = YES;
				CLANG_ENABLE_OBJC_WEAK = YES;
				CLANG_WARN_BLOCK_CAPTURE_AUTORELEASING = YES;
				CLANG_WARN_BOOL_CONVERSION = YES;
				CLANG_WARN_COMMA = YES;
				CLANG_WARN_CONSTANT_CONVERSION = YES;
				CLANG_WARN_DEPRECATED_OBJC_IMPLEMENTATIONS = YES;
				CLANG_WARN_DIRECT_OBJC_ISA_USAGE = YES_ERROR;
				CLANG_WARN_DOCUMENTATION_COMMENTS = YES;
				CLANG_WARN_EMPTY_BODY = YES;
				CLANG_WARN_ENUM_CONVERSION = YES;
				CLANG_WARN_INFINITE_RECURSION = YES;
				CLANG_WARN_INT_CONVERSION = YES;
				CLANG_WARN_NON_LITERAL_NULL_CONVERSION = YES;
				CLANG_WARN_OBJC_IMPLICIT_RETAIN_SELF = YES;
				CLANG_WARN_OBJC_LITERAL_CONVERSION = YES;
				CLANG_WARN_OBJC_ROOT_CLASS = YES_ERROR;
				CLANG_WARN_QUOTED_INCLUDE_IN_FRAMEWORK_HEADER = YES;
				CLANG_WARN_RANGE_LOOP_ANALYSIS = YES;
				CLANG_WARN_STRICT_PROTOTYPES = YES;
				CLANG_WARN_SUSPICIOUS_MOVE = YES;
				CLANG_WARN_UNGUARDED_AVAILABILITY = YES_AGGRESSIVE;
				CLANG_WARN_UNREACHABLE_CODE = YES;
				CLANG_WARN__DUPLICATE_METHOD_MATCH = YES;
				COPY_PHASE_STRIP = NO;
				DEBUG_INFORMATION_FORMAT = dwarf;
				ENABLE_STRICT_OBJC_MSGSEND = YES;
				ENABLE_TESTABILITY = YES;
				GCC_C_LANGUAGE_STANDARD = gnu11;
				GCC_DYNAMIC_NO_PIC = NO;
				GCC_NO_COMMON_BLOCKS = YES;
				GCC_OPTIMIZATION_LEVEL = 0;
				GCC_PREPROCESSOR_DEFINITIONS = (
					"DEBUG=1",
					"$(inherited)",
				);
				GCC_WARN_64_TO_32_BIT_CONVERSION = YES;
				GCC_WARN_ABOUT_RETURN_TYPE = YES_ERROR;
				GCC_WARN_UNDECLARED_SELECTOR = YES;
				GCC_WARN_UNINITIALIZED_AUTOS = YES_AGGRESSIVE;
				GCC_WARN_UNUSED_FUNCTION = YES;
				GCC_WARN_UNUSED_VARIABLE = YES;
				IPHONEOS_DEPLOYMENT_TARGET = 15.5;
				MTL_ENABLE_DEBUG_INFO = INCLUDE_SOURCE;
				MTL_FAST_MATH = YES;
				ONLY_ACTIVE_ARCH = YES;
				SDKROOT = iphoneos;
				SWIFT_ACTIVE_COMPILATION_CONDITIONS = DEBUG;
				SWIFT_OPTIMIZATION_LEVEL = "-Onone";
			};
			name = Debug;
		};
		987145EE28964A1D00EBDA16 /* Release */ = {
			isa = XCBuildConfiguration;
			buildSettings = {
				ALWAYS_SEARCH_USER_PATHS = NO;
				CLANG_ANALYZER_NONNULL = YES;
				CLANG_ANALYZER_NUMBER_OBJECT_CONVERSION = YES_AGGRESSIVE;
				CLANG_CXX_LANGUAGE_STANDARD = "gnu++17";
				CLANG_ENABLE_MODULES = YES;
				CLANG_ENABLE_OBJC_ARC = YES;
				CLANG_ENABLE_OBJC_WEAK = YES;
				CLANG_WARN_BLOCK_CAPTURE_AUTORELEASING = YES;
				CLANG_WARN_BOOL_CONVERSION = YES;
				CLANG_WARN_COMMA = YES;
				CLANG_WARN_CONSTANT_CONVERSION = YES;
				CLANG_WARN_DEPRECATED_OBJC_IMPLEMENTATIONS = YES;
				CLANG_WARN_DIRECT_OBJC_ISA_USAGE = YES_ERROR;
				CLANG_WARN_DOCUMENTATION_COMMENTS = YES;
				CLANG_WARN_EMPTY_BODY = YES;
				CLANG_WARN_ENUM_CONVERSION = YES;
				CLANG_WARN_INFINITE_RECURSION = YES;
				CLANG_WARN_INT_CONVERSION = YES;
				CLANG_WARN_NON_LITERAL_NULL_CONVERSION = YES;
				CLANG_WARN_OBJC_IMPLICIT_RETAIN_SELF = YES;
				CLANG_WARN_OBJC_LITERAL_CONVERSION = YES;
				CLANG_WARN_OBJC_ROOT_CLASS = YES_ERROR;
				CLANG_WARN_QUOTED_INCLUDE_IN_FRAMEWORK_HEADER = YES;
				CLANG_WARN_RANGE_LOOP_ANALYSIS = YES;
				CLANG_WARN_STRICT_PROTOTYPES = YES;
				CLANG_WARN_SUSPICIOUS_MOVE = YES;
				CLANG_WARN_UNGUARDED_AVAILABILITY = YES_AGGRESSIVE;
				CLANG_WARN_UNREACHABLE_CODE = YES;
				CLANG_WARN__DUPLICATE_METHOD_MATCH = YES;
				COPY_PHASE_STRIP = NO;
				DEBUG_INFORMATION_FORMAT = "dwarf-with-dsym";
				ENABLE_NS_ASSERTIONS = NO;
				ENABLE_STRICT_OBJC_MSGSEND = YES;
				GCC_C_LANGUAGE_STANDARD = gnu11;
				GCC_NO_COMMON_BLOCKS = YES;
				GCC_WARN_64_TO_32_BIT_CONVERSION = YES;
				GCC_WARN_ABOUT_RETURN_TYPE = YES_ERROR;
				GCC_WARN_UNDECLARED_SELECTOR = YES;
				GCC_WARN_UNINITIALIZED_AUTOS = YES_AGGRESSIVE;
				GCC_WARN_UNUSED_FUNCTION = YES;
				GCC_WARN_UNUSED_VARIABLE = YES;
				IPHONEOS_DEPLOYMENT_TARGET = 15.5;
				MTL_ENABLE_DEBUG_INFO = NO;
				MTL_FAST_MATH = YES;
				SDKROOT = iphoneos;
				SWIFT_COMPILATION_MODE = wholemodule;
				SWIFT_OPTIMIZATION_LEVEL = "-O";
				VALIDATE_PRODUCT = YES;
			};
			name = Release;
		};
		987145F028964A1D00EBDA16 /* Debug */ = {
			isa = XCBuildConfiguration;
			buildSettings = {
				ASSETCATALOG_COMPILER_APPICON_NAME = AppIcon;
				ASSETCATALOG_COMPILER_GLOBAL_ACCENT_COLOR_NAME = AccentColor;
				CODE_SIGN_STYLE = Automatic;
				CURRENT_PROJECT_VERSION = 1;
				DEVELOPMENT_TEAM = VFZFN9TF7V;
				GENERATE_INFOPLIST_FILE = YES;
				INFOPLIST_FILE = "Netflix Clone/Info.plist";
				INFOPLIST_KEY_UIApplicationSupportsIndirectInputEvents = YES;
				INFOPLIST_KEY_UILaunchStoryboardName = LaunchScreen;
				INFOPLIST_KEY_UIMainStoryboardFile = Main;
				INFOPLIST_KEY_UISupportedInterfaceOrientations_iPad = "UIInterfaceOrientationPortrait UIInterfaceOrientationPortraitUpsideDown UIInterfaceOrientationLandscapeLeft UIInterfaceOrientationLandscapeRight";
				INFOPLIST_KEY_UISupportedInterfaceOrientations_iPhone = "UIInterfaceOrientationPortrait UIInterfaceOrientationLandscapeLeft UIInterfaceOrientationLandscapeRight";
				LD_RUNPATH_SEARCH_PATHS = (
					"$(inherited)",
					"@executable_path/Frameworks",
				);
				MARKETING_VERSION = 1.0;
				PRODUCT_BUNDLE_IDENTIFIER = "com.zabihi7.Netflix-Clone";
				PRODUCT_NAME = "$(TARGET_NAME)";
				SWIFT_EMIT_LOC_STRINGS = YES;
				SWIFT_VERSION = 5.0;
				TARGETED_DEVICE_FAMILY = "1,2";
			};
			name = Debug;
		};
		987145F128964A1D00EBDA16 /* Release */ = {
			isa = XCBuildConfiguration;
			buildSettings = {
				ASSETCATALOG_COMPILER_APPICON_NAME = AppIcon;
				ASSETCATALOG_COMPILER_GLOBAL_ACCENT_COLOR_NAME = AccentColor;
				CODE_SIGN_STYLE = Automatic;
				CURRENT_PROJECT_VERSION = 1;
				DEVELOPMENT_TEAM = VFZFN9TF7V;
				GENERATE_INFOPLIST_FILE = YES;
				INFOPLIST_FILE = "Netflix Clone/Info.plist";
				INFOPLIST_KEY_UIApplicationSupportsIndirectInputEvents = YES;
				INFOPLIST_KEY_UILaunchStoryboardName = LaunchScreen;
				INFOPLIST_KEY_UIMainStoryboardFile = Main;
				INFOPLIST_KEY_UISupportedInterfaceOrientations_iPad = "UIInterfaceOrientationPortrait UIInterfaceOrientationPortraitUpsideDown UIInterfaceOrientationLandscapeLeft UIInterfaceOrientationLandscapeRight";
				INFOPLIST_KEY_UISupportedInterfaceOrientations_iPhone = "UIInterfaceOrientationPortrait UIInterfaceOrientationLandscapeLeft UIInterfaceOrientationLandscapeRight";
				LD_RUNPATH_SEARCH_PATHS = (
					"$(inherited)",
					"@executable_path/Frameworks",
				);
				MARKETING_VERSION = 1.0;
				PRODUCT_BUNDLE_IDENTIFIER = "com.zabihi7.Netflix-Clone";
				PRODUCT_NAME = "$(TARGET_NAME)";
				SWIFT_EMIT_LOC_STRINGS = YES;
				SWIFT_VERSION = 5.0;
				TARGETED_DEVICE_FAMILY = "1,2";
			};
			name = Release;
		};
/* End XCBuildConfiguration section */

/* Begin XCConfigurationList section */
		987145D628964A1C00EBDA16 /* Build configuration list for PBXProject "Netflix Clone" */ = {
			isa = XCConfigurationList;
			buildConfigurations = (
				987145ED28964A1D00EBDA16 /* Debug */,
				987145EE28964A1D00EBDA16 /* Release */,
			);
			defaultConfigurationIsVisible = 0;
			defaultConfigurationName = Release;
		};
		987145EF28964A1D00EBDA16 /* Build configuration list for PBXNativeTarget "Netflix Clone" */ = {
			isa = XCConfigurationList;
			buildConfigurations = (
				987145F028964A1D00EBDA16 /* Debug */,
				987145F128964A1D00EBDA16 /* Release */,
			);
			defaultConfigurationIsVisible = 0;
			defaultConfigurationName = Release;
		};
/* End XCConfigurationList section */

/* Begin XCRemoteSwiftPackageReference section */
		98A68F6C289FC92E00DA9A5D /* XCRemoteSwiftPackageReference "SDWebImage" */ = {
			isa = XCRemoteSwiftPackageReference;
			repositoryURL = "https://github.com/SDWebImage/SDWebImage.git";
			requirement = {
				branch = master;
				kind = branch;
			};
		};
/* End XCRemoteSwiftPackageReference section */

/* Begin XCSwiftPackageProductDependency section */
		98A68F6D289FC92F00DA9A5D /* SDWebImage */ = {
			isa = XCSwiftPackageProductDependency;
			package = 98A68F6C289FC92E00DA9A5D /* XCRemoteSwiftPackageReference "SDWebImage" */;
			productName = SDWebImage;
		};
		98A68F6F289FC92F00DA9A5D /* SDWebImageMapKit */ = {
			isa = XCSwiftPackageProductDependency;
			package = 98A68F6C289FC92E00DA9A5D /* XCRemoteSwiftPackageReference "SDWebImage" */;
			productName = SDWebImageMapKit;
		};
/* End XCSwiftPackageProductDependency section */
	};
	rootObject = 987145D328964A1C00EBDA16 /* Project object */;
}
